
Microsoft Visual Studio Solution File, Format Version 12.00
# Visual Studio Version 17
VisualStudioVersion = 17.9.34728.123
MinimumVisualStudioVersion = 10.0.40219.1
Project("{9A19103F-16F7-4668-BE54-9A1E7A4F7556}") = "SimpleCipher", "SimpleCipher.csproj", "{CBD5DD40-AA81-403E-ACCC-E4BA8C4012F1}"
EndProject
Global
	GlobalSection(SolutionConfigurationPlatforms) = preSolution
		Debug|Any CPU = Debug|Any CPU
		Release|Any CPU = Release|Any CPU
	EndGlobalSection
	GlobalSection(ProjectConfigurationPlatforms) = postSolution
		{CBD5DD40-AA81-403E-ACCC-E4BA8C4012F1}.Debug|Any CPU.ActiveCfg = Debug|Any CPU
		{CBD5DD40-AA81-403E-ACCC-E4BA8C4012F1}.Debug|Any CPU.Build.0 = Debug|Any CPU
		{CBD5DD40-AA81-403E-ACCC-E4BA8C4012F1}.Release|Any CPU.ActiveCfg = Release|Any CPU
		{CBD5DD40-AA81-403E-ACCC-E4BA8C4012F1}.Release|Any CPU.Build.0 = Release|Any CPU
	EndGlobalSection
	GlobalSection(SolutionProperties) = preSolution
		HideSolutionNode = FALSE
	EndGlobalSection
	GlobalSection(ExtensibilityGlobals) = postSolution
		SolutionGuid = {6C3B46DF-79C8-44EE-B10A-072EB99D2872}
	EndGlobalSection
EndGlobal
